
Microsoft Visual Studio Solution File, Format Version 12.00
Project("{FAE04EC0-301F-11D3-BF4B-00C04F79EFBC}") = "SPU_7", "SPU_7\SPU_7.csproj", "{B6083139-96AA-42FA-ACF7-3581BAFA2059}"
EndProject
Global
	GlobalSection(SolutionConfigurationPlatforms) = preSolution
		Debug|Any CPU = Debug|Any CPU
		Release|Any CPU = Release|Any CPU
	EndGlobalSection
	GlobalSection(ProjectConfigurationPlatforms) = postSolution
		{B6083139-96AA-42FA-ACF7-3581BAFA2059}.Debug|Any CPU.ActiveCfg = Debug|Any CPU
		{B6083139-96AA-42FA-ACF7-3581BAFA2059}.Debug|Any CPU.Build.0 = Debug|Any CPU
		{B6083139-96AA-42FA-ACF7-3581BAFA2059}.Release|Any CPU.ActiveCfg = Release|Any CPU
		{B6083139-96AA-42FA-ACF7-3581BAFA2059}.Release|Any CPU.Build.0 = Release|Any CPU
	EndGlobalSection
EndGlobal
