
Microsoft Visual Studio Solution File, Format Version 12.00
Project("{FAE04EC0-301F-11D3-BF4B-00C04F79EFBC}") = "SPU_7", "SPU_7\SPU_7.csproj", "{B6083139-96AA-42FA-ACF7-3581BAFA2059}"
EndProject
Project("{FAE04EC0-301F-11D3-BF4B-00C04F79EFBC}") = "SPU_7.Common", "SPU_7.Common\SPU_7.Common.csproj", "{32C202CD-42AE-45FE-A31B-4C3B23977A1E}"
EndProject
Project("{FAE04EC0-301F-11D3-BF4B-00C04F79EFBC}") = "SPU_7.Database", "SPU_7.Database\SPU_7.Database.csproj", "{7F6FA185-A5E7-4C63-87BE-839E9BD81BCA}"
EndProject
Project("{FAE04EC0-301F-11D3-BF4B-00C04F79EFBC}") = "SPU_7.Modbus", "SPU_7.Modbus\SPU_7.Modbus.csproj", "{6E800276-66B1-48DC-8D89-20387368D678}"
EndProject
Project("{FAE04EC0-301F-11D3-BF4B-00C04F79EFBC}") = "SPU_7.Modbus.Processor", "SPU_7.Modbus.Processor\SPU_7.Modbus.Processor.csproj", "{B61F0870-D295-47C1-B05E-0F0204953876}"
EndProject
Project("{FAE04EC0-301F-11D3-BF4B-00C04F79EFBC}") = "SPU_7.Domain", "SPU_7.Domain\SPU_7.Domain.csproj", "{C81A19E1-093B-492A-A568-E3C00C9C8753}"
EndProject
Project("{FAE04EC0-301F-11D3-BF4B-00C04F79EFBC}") = "SPU_7.Tests", "SPU_7.Tests\SPU_7.Tests.csproj", "{86E35FD7-E584-4045-9047-4E986AB6ED38}"
EndProject
Project("{FAE04EC0-301F-11D3-BF4B-00C04F79EFBC}") = "SPU_7.Updater", "SPU_7.Updater\SPU_7.Updater.csproj", "{4549DD59-BA5C-47E5-8B37-1334F78EA728}"
EndProject
Global
	GlobalSection(SolutionConfigurationPlatforms) = preSolution
		Debug|Any CPU = Debug|Any CPU
		Release|Any CPU = Release|Any CPU
		DebugGUI|Any CPU = DebugGUI|Any CPU
	EndGlobalSection
	GlobalSection(ProjectConfigurationPlatforms) = postSolution
		{B6083139-96AA-42FA-ACF7-3581BAFA2059}.Debug|Any CPU.ActiveCfg = Debug|Any CPU
		{B6083139-96AA-42FA-ACF7-3581BAFA2059}.Debug|Any CPU.Build.0 = Debug|Any CPU
		{B6083139-96AA-42FA-ACF7-3581BAFA2059}.Release|Any CPU.ActiveCfg = Release|Any CPU
		{B6083139-96AA-42FA-ACF7-3581BAFA2059}.Release|Any CPU.Build.0 = Release|Any CPU
		{B6083139-96AA-42FA-ACF7-3581BAFA2059}.DebugGUI|Any CPU.ActiveCfg = DebugGUI|Any CPU
		{B6083139-96AA-42FA-ACF7-3581BAFA2059}.DebugGUI|Any CPU.Build.0 = DebugGUI|Any CPU
		{32C202CD-42AE-45FE-A31B-4C3B23977A1E}.Debug|Any CPU.ActiveCfg = Debug|Any CPU
		{32C202CD-42AE-45FE-A31B-4C3B23977A1E}.Debug|Any CPU.Build.0 = Debug|Any CPU
		{32C202CD-42AE-45FE-A31B-4C3B23977A1E}.Release|Any CPU.ActiveCfg = Release|Any CPU
		{32C202CD-42AE-45FE-A31B-4C3B23977A1E}.Release|Any CPU.Build.0 = Release|Any CPU
		{32C202CD-42AE-45FE-A31B-4C3B23977A1E}.DebugGUI|Any CPU.ActiveCfg = DebugGUI|Any CPU
		{32C202CD-42AE-45FE-A31B-4C3B23977A1E}.DebugGUI|Any CPU.Build.0 = DebugGUI|Any CPU
		{7F6FA185-A5E7-4C63-87BE-839E9BD81BCA}.Debug|Any CPU.ActiveCfg = Debug|Any CPU
		{7F6FA185-A5E7-4C63-87BE-839E9BD81BCA}.Debug|Any CPU.Build.0 = Debug|Any CPU
		{7F6FA185-A5E7-4C63-87BE-839E9BD81BCA}.Release|Any CPU.ActiveCfg = Release|Any CPU
		{7F6FA185-A5E7-4C63-87BE-839E9BD81BCA}.Release|Any CPU.Build.0 = Release|Any CPU
		{7F6FA185-A5E7-4C63-87BE-839E9BD81BCA}.DebugGUI|Any CPU.ActiveCfg = DebugGUI|Any CPU
		{7F6FA185-A5E7-4C63-87BE-839E9BD81BCA}.DebugGUI|Any CPU.Build.0 = DebugGUI|Any CPU
		{6E800276-66B1-48DC-8D89-20387368D678}.Debug|Any CPU.ActiveCfg = Debug|Any CPU
		{6E800276-66B1-48DC-8D89-20387368D678}.Debug|Any CPU.Build.0 = Debug|Any CPU
		{6E800276-66B1-48DC-8D89-20387368D678}.Release|Any CPU.ActiveCfg = Release|Any CPU
		{6E800276-66B1-48DC-8D89-20387368D678}.Release|Any CPU.Build.0 = Release|Any CPU
		{6E800276-66B1-48DC-8D89-20387368D678}.DebugGUI|Any CPU.ActiveCfg = DebugGUI|Any CPU
		{6E800276-66B1-48DC-8D89-20387368D678}.DebugGUI|Any CPU.Build.0 = DebugGUI|Any CPU
		{B61F0870-D295-47C1-B05E-0F0204953876}.Debug|Any CPU.ActiveCfg = Debug|Any CPU
		{B61F0870-D295-47C1-B05E-0F0204953876}.Debug|Any CPU.Build.0 = Debug|Any CPU
		{B61F0870-D295-47C1-B05E-0F0204953876}.Release|Any CPU.ActiveCfg = Release|Any CPU
		{B61F0870-D295-47C1-B05E-0F0204953876}.Release|Any CPU.Build.0 = Release|Any CPU
		{B61F0870-D295-47C1-B05E-0F0204953876}.DebugGUI|Any CPU.ActiveCfg = DebugGUI|Any CPU
		{B61F0870-D295-47C1-B05E-0F0204953876}.DebugGUI|Any CPU.Build.0 = DebugGUI|Any CPU
		{C81A19E1-093B-492A-A568-E3C00C9C8753}.Debug|Any CPU.ActiveCfg = Debug|Any CPU
		{C81A19E1-093B-492A-A568-E3C00C9C8753}.Debug|Any CPU.Build.0 = Debug|Any CPU
		{C81A19E1-093B-492A-A568-E3C00C9C8753}.Release|Any CPU.ActiveCfg = Release|Any CPU
		{C81A19E1-093B-492A-A568-E3C00C9C8753}.Release|Any CPU.Build.0 = Release|Any CPU
		{C81A19E1-093B-492A-A568-E3C00C9C8753}.DebugGUI|Any CPU.ActiveCfg = DebugGUI|Any CPU
		{C81A19E1-093B-492A-A568-E3C00C9C8753}.DebugGUI|Any CPU.Build.0 = DebugGUI|Any CPU
		{86E35FD7-E584-4045-9047-4E986AB6ED38}.Debug|Any CPU.ActiveCfg = Debug|Any CPU
		{86E35FD7-E584-4045-9047-4E986AB6ED38}.Debug|Any CPU.Build.0 = Debug|Any CPU
		{86E35FD7-E584-4045-9047-4E986AB6ED38}.Release|Any CPU.ActiveCfg = Release|Any CPU
		{86E35FD7-E584-4045-9047-4E986AB6ED38}.Release|Any CPU.Build.0 = Release|Any CPU
		{86E35FD7-E584-4045-9047-4E986AB6ED38}.DebugGUI|Any CPU.ActiveCfg = DebugGUI|Any CPU
		{86E35FD7-E584-4045-9047-4E986AB6ED38}.DebugGUI|Any CPU.Build.0 = DebugGUI|Any CPU
		{4549DD59-BA5C-47E5-8B37-1334F78EA728}.Debug|Any CPU.ActiveCfg = Debug|Any CPU
		{4549DD59-BA5C-47E5-8B37-1334F78EA728}.Debug|Any CPU.Build.0 = Debug|Any CPU
		{4549DD59-BA5C-47E5-8B37-1334F78EA728}.Release|Any CPU.ActiveCfg = Release|Any CPU
		{4549DD59-BA5C-47E5-8B37-1334F78EA728}.Release|Any CPU.Build.0 = Release|Any CPU
		{4549DD59-BA5C-47E5-8B37-1334F78EA728}.DebugGUI|Any CPU.ActiveCfg = DebugGUI|Any CPU
		{4549DD59-BA5C-47E5-8B37-1334F78EA728}.DebugGUI|Any CPU.Build.0 = DebugGUI|Any CPU
	EndGlobalSection
EndGlobal
